
Microsoft Visual Studio Solution File, Format Version 12.00
# Visual Studio 2012
Project("{FAE04EC0-301F-11D3-BF4B-00C04F79EFBC}") = "DXlib.02", "DXlib.02\DXlib.02.csproj", "{4867E146-496C-4CD9-BB4D-43AF3AADC27F}"
EndProject
Project("{FAE04EC0-301F-11D3-BF4B-00C04F79EFBC}") = "Box2DX", "Box2DX\Box2DX.csproj", "{C157BCA5-BAC7-455F-A7DE-59D506D46ECF}"
EndProject
Global
	GlobalSection(SolutionConfigurationPlatforms) = preSolution
		Debug|Any CPU = Debug|Any CPU
		Debug|Mixed Platforms = Debug|Mixed Platforms
		Debug|x86 = Debug|x86
		Release|Any CPU = Release|Any CPU
		Release|Mixed Platforms = Release|Mixed Platforms
		Release|x86 = Release|x86
	EndGlobalSection
	GlobalSection(ProjectConfigurationPlatforms) = postSolution
		{4867E146-496C-4CD9-BB4D-43AF3AADC27F}.Debug|Any CPU.ActiveCfg = Debug|x86
		{4867E146-496C-4CD9-BB4D-43AF3AADC27F}.Debug|Mixed Platforms.ActiveCfg = Debug|x86
		{4867E146-496C-4CD9-BB4D-43AF3AADC27F}.Debug|Mixed Platforms.Build.0 = Debug|x86
		{4867E146-496C-4CD9-BB4D-43AF3AADC27F}.Debug|x86.ActiveCfg = Debug|x86
		{4867E146-496C-4CD9-BB4D-43AF3AADC27F}.Debug|x86.Build.0 = Debug|x86
		{4867E146-496C-4CD9-BB4D-43AF3AADC27F}.Release|Any CPU.ActiveCfg = Release|x86
		{4867E146-496C-4CD9-BB4D-43AF3AADC27F}.Release|Mixed Platforms.ActiveCfg = Release|x86
		{4867E146-496C-4CD9-BB4D-43AF3AADC27F}.Release|Mixed Platforms.Build.0 = Release|x86
		{4867E146-496C-4CD9-BB4D-43AF3AADC27F}.Release|x86.ActiveCfg = Release|x86
		{4867E146-496C-4CD9-BB4D-43AF3AADC27F}.Release|x86.Build.0 = Release|x86
		{C157BCA5-BAC7-455F-A7DE-59D506D46ECF}.Debug|Any CPU.ActiveCfg = Debug|Any CPU
		{C157BCA5-BAC7-455F-A7DE-59D506D46ECF}.Debug|Any CPU.Build.0 = Debug|Any CPU
		{C157BCA5-BAC7-455F-A7DE-59D506D46ECF}.Debug|Mixed Platforms.ActiveCfg = Debug|Any CPU
		{C157BCA5-BAC7-455F-A7DE-59D506D46ECF}.Debug|Mixed Platforms.Build.0 = Debug|Any CPU
		{C157BCA5-BAC7-455F-A7DE-59D506D46ECF}.Debug|x86.ActiveCfg = Debug|Any CPU
		{C157BCA5-BAC7-455F-A7DE-59D506D46ECF}.Release|Any CPU.ActiveCfg = Release|Any CPU
		{C157BCA5-BAC7-455F-A7DE-59D506D46ECF}.Release|Any CPU.Build.0 = Release|Any CPU
		{C157BCA5-BAC7-455F-A7DE-59D506D46ECF}.Release|Mixed Platforms.ActiveCfg = Release|Any CPU
		{C157BCA5-BAC7-455F-A7DE-59D506D46ECF}.Release|Mixed Platforms.Build.0 = Release|Any CPU
		{C157BCA5-BAC7-455F-A7DE-59D506D46ECF}.Release|x86.ActiveCfg = Release|Any CPU
	EndGlobalSection
	GlobalSection(SolutionProperties) = preSolution
		HideSolutionNode = FALSE
	EndGlobalSection
EndGlobal
